
Microsoft Visual Studio Solution File, Format Version 12.00
Project("{FAE04EC0-301F-11D3-BF4B-00C04F79EFBC}") = "Lab1", "Lab1.csproj", "{BE09C909-9749-40C2-B5FB-5E2332B12160}"
EndProject
Global
	GlobalSection(SolutionConfigurationPlatforms) = preSolution
		Debug|Any CPU = Debug|Any CPU
		Release|Any CPU = Release|Any CPU
	EndGlobalSection
	GlobalSection(ProjectConfigurationPlatforms) = postSolution
		{BE09C909-9749-40C2-B5FB-5E2332B12160}.Debug|Any CPU.ActiveCfg = Debug|Any CPU
		{BE09C909-9749-40C2-B5FB-5E2332B12160}.Debug|Any CPU.Build.0 = Debug|Any CPU
		{BE09C909-9749-40C2-B5FB-5E2332B12160}.Release|Any CPU.ActiveCfg = Release|Any CPU
		{BE09C909-9749-40C2-B5FB-5E2332B12160}.Release|Any CPU.Build.0 = Release|Any CPU
	EndGlobalSection
EndGlobal
