
Microsoft Visual Studio Solution File, Format Version 12.00
# Visual Studio Version 17
VisualStudioVersion = 17.14.36518.9
MinimumVisualStudioVersion = 10.0.40219.1
Project("{FAE04EC0-301F-11D3-BF4B-00C04F79EFBC}") = "WpfApp1", "WpfApp1.csproj", "{D82B4AD1-041A-47FC-8C68-A1A4446F8347}"
EndProject
Global
	GlobalSection(SolutionConfigurationPlatforms) = preSolution
		Debug|Any CPU = Debug|Any CPU
		Release|Any CPU = Release|Any CPU
	EndGlobalSection
	GlobalSection(ProjectConfigurationPlatforms) = postSolution
		{D82B4AD1-041A-47FC-8C68-A1A4446F8347}.Debug|Any CPU.ActiveCfg = Debug|Any CPU
		{D82B4AD1-041A-47FC-8C68-A1A4446F8347}.Debug|Any CPU.Build.0 = Debug|Any CPU
		{D82B4AD1-041A-47FC-8C68-A1A4446F8347}.Release|Any CPU.ActiveCfg = Release|Any CPU
		{D82B4AD1-041A-47FC-8C68-A1A4446F8347}.Release|Any CPU.Build.0 = Release|Any CPU
	EndGlobalSection
	GlobalSection(SolutionProperties) = preSolution
		HideSolutionNode = FALSE
	EndGlobalSection
	GlobalSection(ExtensibilityGlobals) = postSolution
		SolutionGuid = {C5DBD867-8C17-4138-9A2F-ECD0843E98C1}
	EndGlobalSection
EndGlobal
