
Microsoft Visual Studio Solution File, Format Version 12.00
Project("{FAE04EC0-301F-11D3-BF4B-00C04F79EFBC}") = "ClassLibrary1", "ClassLibrary1.csproj", "{3679BB4E-290D-4C2A-A4CA-0E4F4515F29A}"
EndProject
Global
	GlobalSection(SolutionConfigurationPlatforms) = preSolution
		Debug|Any CPU = Debug|Any CPU
		Release|Any CPU = Release|Any CPU
	EndGlobalSection
	GlobalSection(ProjectConfigurationPlatforms) = postSolution
		{3679BB4E-290D-4C2A-A4CA-0E4F4515F29A}.Debug|Any CPU.ActiveCfg = Debug|Any CPU
		{3679BB4E-290D-4C2A-A4CA-0E4F4515F29A}.Debug|Any CPU.Build.0 = Debug|Any CPU
		{3679BB4E-290D-4C2A-A4CA-0E4F4515F29A}.Release|Any CPU.ActiveCfg = Release|Any CPU
		{3679BB4E-290D-4C2A-A4CA-0E4F4515F29A}.Release|Any CPU.Build.0 = Release|Any CPU
	EndGlobalSection
EndGlobal
