
Microsoft Visual Studio Solution File, Format Version 12.00
Project("{FAE04EC0-301F-11D3-BF4B-00C04F79EFBC}") = "Laba4", "Laba4\Laba4.csproj", "{7991E665-5C07-480D-A7A9-FA9119652983}"
EndProject
Global
	GlobalSection(SolutionConfigurationPlatforms) = preSolution
		Debug|Any CPU = Debug|Any CPU
		Release|Any CPU = Release|Any CPU
	EndGlobalSection
	GlobalSection(ProjectConfigurationPlatforms) = postSolution
		{7991E665-5C07-480D-A7A9-FA9119652983}.Debug|Any CPU.ActiveCfg = Debug|Any CPU
		{7991E665-5C07-480D-A7A9-FA9119652983}.Debug|Any CPU.Build.0 = Debug|Any CPU
		{7991E665-5C07-480D-A7A9-FA9119652983}.Release|Any CPU.ActiveCfg = Release|Any CPU
		{7991E665-5C07-480D-A7A9-FA9119652983}.Release|Any CPU.Build.0 = Release|Any CPU
	EndGlobalSection
EndGlobal
